PODS:
  - Kingfisher (4.6.4)
  - ShelfView (1.0):
    - Kingfisher (~> 4.0)

DEPENDENCIES:
  - ShelfView (from `../`)

EXTERNAL SOURCES:
  ShelfView:
    :path: ../

SPEC CHECKSUMS:
  Kingfisher: 68498a706e46c2a050b0c9572f100e5db407f6e0
  ShelfView: 0c2527821334b4bc035906675eb5db9546d0065d

PODFILE CHECKSUM: ad12021367c41c81b269af9c271c64edc2fa1c47

COCOAPODS: 1.4.0
